
Microsoft Visual Studio Solution File, Format Version 12.00
# Visual Studio Version 17
VisualStudioVersion = 17.14.36623.8 d17.14
MinimumVisualStudioVersion = 10.0.40219.1
Project("{2150E333-8FDC-42A3-9474-1A3956D46DE8}") = "Task0", "Task0", "{02EA681E-C7D8-13C7-8484-4AC65E1B71E8}"
EndProject
Project("{FAE04EC0-301F-11D3-BF4B-00C04F79EFBC}") = "Tyuiu.SoldatovaPA.Sprint2.Task0.V17", "Tyuiu.SoldatovaPA.Sprint2.Task0.V17\Tyuiu.SoldatovaPA.Sprint2.Task0.V17.csproj", "{8041818D-3BA4-4482-AC7B-5C567ACB64A6}"
EndProject
Project("{FAE04EC0-301F-11D3-BF4B-00C04F79EFBC}") = "Tyuiu.SoldatovaPA.Sprint2.Task0.V17.Lib", "Tyuiu.SoldatovaPA.Sprint2.Task0.V17.Lib\Tyuiu.SoldatovaPA.Sprint2.Task0.V17.Lib.csproj", "{F7A7B1BB-07B9-4909-B024-CA86384E385D}"
EndProject
Project("{FAE04EC0-301F-11D3-BF4B-00C04F79EFBC}") = "Tyuiu.SoldatovaPA.Sprint2.Task0.V17.Test", "Tyuiu.SoldatovaPA.Sprint2.Task0.V17.Test\Tyuiu.SoldatovaPA.Sprint2.Task0.V17.Test.csproj", "{74DFFFCA-C922-4F88-838B-79E29AF19924}"
EndProject
Project("{2150E333-8FDC-42A3-9474-1A3956D46DE8}") = "Task1", "Task1", "{C10485A6-A550-4FCA-BC68-DAD29AA227BD}"
EndProject
Project("{FAE04EC0-301F-11D3-BF4B-00C04F79EFBC}") = "Tyuiu.SoldatovaPA.Sprint2.Task1.V23", "Tyuiu.SoldatovaPA.Sprint2.Task1.V23\Tyuiu.SoldatovaPA.Sprint2.Task1.V23.csproj", "{DA222987-4F53-4929-A4DD-31BCB1F57BEC}"
EndProject
Project("{FAE04EC0-301F-11D3-BF4B-00C04F79EFBC}") = "Tyuiu.SoldatovaPA.Sprint2.Task1.V23.Lib", "Tyuiu.SoldatovaPA.Sprint2.Task1.V23.Lib\Tyuiu.SoldatovaPA.Sprint2.Task1.V23.Lib.csproj", "{CDDFC1DB-F59A-4A67-82EE-9C31E038A2B0}"
EndProject
Project("{FAE04EC0-301F-11D3-BF4B-00C04F79EFBC}") = "Tyuiu.SoldatovaPA.Sprint2.Task1.V23.Test", "Tyuiu.SoldatovaPA.Sprint2.Task1.V23.Test\Tyuiu.SoldatovaPA.Sprint2.Task1.V23.Test.csproj", "{4E98C868-E040-4D0E-A879-AE3637D636FE}"
EndProject
Project("{2150E333-8FDC-42A3-9474-1A3956D46DE8}") = "Task2", "Task2", "{AA3166BD-20FA-420E-93A2-B09F9C312CBB}"
EndProject
Project("{FAE04EC0-301F-11D3-BF4B-00C04F79EFBC}") = "Tyuiu.SoldatovaPA.Sprint2.Task2.V22", "Tyuiu.SoldatovaPA.Sprint2.Task2.V22\Tyuiu.SoldatovaPA.Sprint2.Task2.V22.csproj", "{734EE79F-91CF-497C-A5DD-F06949858418}"
EndProject
Project("{FAE04EC0-301F-11D3-BF4B-00C04F79EFBC}") = "Tyuiu.SoldatovaPA.Sprint2.Task2.V22.Lib", "Tyuiu.SoldatovaPA.Sprint2.Task2.V22.Lib\Tyuiu.SoldatovaPA.Sprint2.Task2.V22.Lib.csproj", "{3CF5A37E-99C6-4A29-8668-0B79FE73D2F1}"
EndProject
Project("{FAE04EC0-301F-11D3-BF4B-00C04F79EFBC}") = "Tyuiu.SoldatovaPA.Sprint2.Task2.V22.Test", "Tyuiu.SoldatovaPA.Sprint2.Task2.V22.Test\Tyuiu.SoldatovaPA.Sprint2.Task2.V22.Test.csproj", "{BF16B719-D5CC-464A-8856-F76EF89B5279}"
EndProject
Global
	GlobalSection(SolutionConfigurationPlatforms) = preSolution
		Debug|Any CPU = Debug|Any CPU
		Release|Any CPU = Release|Any CPU
	EndGlobalSection
	GlobalSection(ProjectConfigurationPlatforms) = postSolution
		{8041818D-3BA4-4482-AC7B-5C567ACB64A6}.Debug|Any CPU.ActiveCfg = Debug|Any CPU
		{8041818D-3BA4-4482-AC7B-5C567ACB64A6}.Debug|Any CPU.Build.0 = Debug|Any CPU
		{8041818D-3BA4-4482-AC7B-5C567ACB64A6}.Release|Any CPU.ActiveCfg = Release|Any CPU
		{8041818D-3BA4-4482-AC7B-5C567ACB64A6}.Release|Any CPU.Build.0 = Release|Any CPU
		{F7A7B1BB-07B9-4909-B024-CA86384E385D}.Debug|Any CPU.ActiveCfg = Debug|Any CPU
		{F7A7B1BB-07B9-4909-B024-CA86384E385D}.Debug|Any CPU.Build.0 = Debug|Any CPU
		{F7A7B1BB-07B9-4909-B024-CA86384E385D}.Release|Any CPU.ActiveCfg = Release|Any CPU
		{F7A7B1BB-07B9-4909-B024-CA86384E385D}.Release|Any CPU.Build.0 = Release|Any CPU
		{74DFFFCA-C922-4F88-838B-79E29AF19924}.Debug|Any CPU.ActiveCfg = Debug|Any CPU
		{74DFFFCA-C922-4F88-838B-79E29AF19924}.Debug|Any CPU.Build.0 = Debug|Any CPU
		{74DFFFCA-C922-4F88-838B-79E29AF19924}.Release|Any CPU.ActiveCfg = Release|Any CPU
		{74DFFFCA-C922-4F88-838B-79E29AF19924}.Release|Any CPU.Build.0 = Release|Any CPU
		{DA222987-4F53-4929-A4DD-31BCB1F57BEC}.Debug|Any CPU.ActiveCfg = Debug|Any CPU
		{DA222987-4F53-4929-A4DD-31BCB1F57BEC}.Debug|Any CPU.Build.0 = Debug|Any CPU
		{DA222987-4F53-4929-A4DD-31BCB1F57BEC}.Release|Any CPU.ActiveCfg = Release|Any CPU
		{DA222987-4F53-4929-A4DD-31BCB1F57BEC}.Release|Any CPU.Build.0 = Release|Any CPU
		{CDDFC1DB-F59A-4A67-82EE-9C31E038A2B0}.Debug|Any CPU.ActiveCfg = Debug|Any CPU
		{CDDFC1DB-F59A-4A67-82EE-9C31E038A2B0}.Debug|Any CPU.Build.0 = Debug|Any CPU
		{CDDFC1DB-F59A-4A67-82EE-9C31E038A2B0}.Release|Any CPU.ActiveCfg = Release|Any CPU
		{CDDFC1DB-F59A-4A67-82EE-9C31E038A2B0}.Release|Any CPU.Build.0 = Release|Any CPU
		{4E98C868-E040-4D0E-A879-AE3637D636FE}.Debug|Any CPU.ActiveCfg = Debug|Any CPU
		{4E98C868-E040-4D0E-A879-AE3637D636FE}.Debug|Any CPU.Build.0 = Debug|Any CPU
		{4E98C868-E040-4D0E-A879-AE3637D636FE}.Release|Any CPU.ActiveCfg = Release|Any CPU
		{4E98C868-E040-4D0E-A879-AE3637D636FE}.Release|Any CPU.Build.0 = Release|Any CPU
		{734EE79F-91CF-497C-A5DD-F06949858418}.Debug|Any CPU.ActiveCfg = Debug|Any CPU
		{734EE79F-91CF-497C-A5DD-F06949858418}.Debug|Any CPU.Build.0 = Debug|Any CPU
		{734EE79F-91CF-497C-A5DD-F06949858418}.Release|Any CPU.ActiveCfg = Release|Any CPU
		{734EE79F-91CF-497C-A5DD-F06949858418}.Release|Any CPU.Build.0 = Release|Any CPU
		{3CF5A37E-99C6-4A29-8668-0B79FE73D2F1}.Debug|Any CPU.ActiveCfg = Debug|Any CPU
		{3CF5A37E-99C6-4A29-8668-0B79FE73D2F1}.Debug|Any CPU.Build.0 = Debug|Any CPU
		{3CF5A37E-99C6-4A29-8668-0B79FE73D2F1}.Release|Any CPU.ActiveCfg = Release|Any CPU
		{3CF5A37E-99C6-4A29-8668-0B79FE73D2F1}.Release|Any CPU.Build.0 = Release|Any CPU
		{BF16B719-D5CC-464A-8856-F76EF89B5279}.Debug|Any CPU.ActiveCfg = Debug|Any CPU
		{BF16B719-D5CC-464A-8856-F76EF89B5279}.Debug|Any CPU.Build.0 = Debug|Any CPU
		{BF16B719-D5CC-464A-8856-F76EF89B5279}.Release|Any CPU.ActiveCfg = Release|Any CPU
		{BF16B719-D5CC-464A-8856-F76EF89B5279}.Release|Any CPU.Build.0 = Release|Any CPU
	EndGlobalSection
	GlobalSection(SolutionProperties) = preSolution
		HideSolutionNode = FALSE
	EndGlobalSection
	GlobalSection(NestedProjects) = preSolution
		{8041818D-3BA4-4482-AC7B-5C567ACB64A6} = {02EA681E-C7D8-13C7-8484-4AC65E1B71E8}
		{F7A7B1BB-07B9-4909-B024-CA86384E385D} = {02EA681E-C7D8-13C7-8484-4AC65E1B71E8}
		{74DFFFCA-C922-4F88-838B-79E29AF19924} = {02EA681E-C7D8-13C7-8484-4AC65E1B71E8}
		{DA222987-4F53-4929-A4DD-31BCB1F57BEC} = {C10485A6-A550-4FCA-BC68-DAD29AA227BD}
		{CDDFC1DB-F59A-4A67-82EE-9C31E038A2B0} = {C10485A6-A550-4FCA-BC68-DAD29AA227BD}
		{4E98C868-E040-4D0E-A879-AE3637D636FE} = {C10485A6-A550-4FCA-BC68-DAD29AA227BD}
		{734EE79F-91CF-497C-A5DD-F06949858418} = {AA3166BD-20FA-420E-93A2-B09F9C312CBB}
		{3CF5A37E-99C6-4A29-8668-0B79FE73D2F1} = {AA3166BD-20FA-420E-93A2-B09F9C312CBB}
		{BF16B719-D5CC-464A-8856-F76EF89B5279} = {AA3166BD-20FA-420E-93A2-B09F9C312CBB}
	EndGlobalSection
	GlobalSection(ExtensibilityGlobals) = postSolution
		SolutionGuid = {337CB569-16C2-4CEA-8B56-8E4FC4E568A5}
	EndGlobalSection
EndGlobal
