
Microsoft Visual Studio Solution File, Format Version 12.00
# Visual Studio Version 17
VisualStudioVersion = 17.14.36623.8
MinimumVisualStudioVersion = 10.0.40219.1
Project("{2150E333-8FDC-42A3-9474-1A3956D46DE8}") = "Task0", "Task0", "{02EA681E-C7D8-13C7-8484-4AC65E1B71E8}"
EndProject
Project("{FAE04EC0-301F-11D3-BF4B-00C04F79EFBC}") = "Tyuiu.SoldatovaPA.Sprint2.Task0.V17", "Tyuiu.SoldatovaPA.Sprint2.Task0.V17\Tyuiu.SoldatovaPA.Sprint2.Task0.V17.csproj", "{8041818D-3BA4-4482-AC7B-5C567ACB64A6}"
EndProject
Project("{FAE04EC0-301F-11D3-BF4B-00C04F79EFBC}") = "Tyuiu.SoldatovaPA.Sprint2.Task0.V17.Lib", "Tyuiu.SoldatovaPA.Sprint2.Task0.V17.Lib\Tyuiu.SoldatovaPA.Sprint2.Task0.V17.Lib.csproj", "{F7A7B1BB-07B9-4909-B024-CA86384E385D}"
EndProject
Project("{FAE04EC0-301F-11D3-BF4B-00C04F79EFBC}") = "Tyuiu.SoldatovaPA.Sprint2.Task0.V17.Test", "Tyuiu.SoldatovaPA.Sprint2.Task0.V17.Test\Tyuiu.SoldatovaPA.Sprint2.Task0.V17.Test.csproj", "{74DFFFCA-C922-4F88-838B-79E29AF19924}"
EndProject
Project("{2150E333-8FDC-42A3-9474-1A3956D46DE8}") = "Task1", "Task1", "{C10485A6-A550-4FCA-BC68-DAD29AA227BD}"
EndProject
Project("{FAE04EC0-301F-11D3-BF4B-00C04F79EFBC}") = "Tyuiu.SoldatovaPA.Sprint2.Task1.V23", "Tyuiu.SoldatovaPA.Sprint2.Task1.V23\Tyuiu.SoldatovaPA.Sprint2.Task1.V23.csproj", "{DA222987-4F53-4929-A4DD-31BCB1F57BEC}"
EndProject
Project("{FAE04EC0-301F-11D3-BF4B-00C04F79EFBC}") = "Tyuiu.SoldatovaPA.Sprint2.Task1.V23.Lib", "Tyuiu.SoldatovaPA.Sprint2.Task1.V23.Lib\Tyuiu.SoldatovaPA.Sprint2.Task1.V23.Lib.csproj", "{CDDFC1DB-F59A-4A67-82EE-9C31E038A2B0}"
EndProject
Project("{FAE04EC0-301F-11D3-BF4B-00C04F79EFBC}") = "Tyuiu.SoldatovaPA.Sprint2.Task1.V23.Test", "Tyuiu.SoldatovaPA.Sprint2.Task1.V23.Test\Tyuiu.SoldatovaPA.Sprint2.Task1.V23.Test.csproj", "{4E98C868-E040-4D0E-A879-AE3637D636FE}"
EndProject
Project("{2150E333-8FDC-42A3-9474-1A3956D46DE8}") = "Task2", "Task2", "{AA3166BD-20FA-420E-93A2-B09F9C312CBB}"
EndProject
Project("{FAE04EC0-301F-11D3-BF4B-00C04F79EFBC}") = "Tyuiu.SoldatovaPA.Sprint2.Task2.V22", "Tyuiu.SoldatovaPA.Sprint2.Task2.V22\Tyuiu.SoldatovaPA.Sprint2.Task2.V22.csproj", "{734EE79F-91CF-497C-A5DD-F06949858418}"
EndProject
Project("{FAE04EC0-301F-11D3-BF4B-00C04F79EFBC}") = "Tyuiu.SoldatovaPA.Sprint2.Task2.V22.Lib", "Tyuiu.SoldatovaPA.Sprint2.Task2.V22.Lib\Tyuiu.SoldatovaPA.Sprint2.Task2.V22.Lib.csproj", "{3CF5A37E-99C6-4A29-8668-0B79FE73D2F1}"
EndProject
Project("{FAE04EC0-301F-11D3-BF4B-00C04F79EFBC}") = "Tyuiu.SoldatovaPA.Sprint2.Task2.V22.Test", "Tyuiu.SoldatovaPA.Sprint2.Task2.V22.Test\Tyuiu.SoldatovaPA.Sprint2.Task2.V22.Test.csproj", "{BF16B719-D5CC-464A-8856-F76EF89B5279}"
EndProject
Project("{2150E333-8FDC-42A3-9474-1A3956D46DE8}") = "Task3", "Task3", "{F5C00F5E-FE1D-44A5-AC08-71E34449511C}"
EndProject
Project("{FAE04EC0-301F-11D3-BF4B-00C04F79EFBC}") = "Tyuiu.SoldatovaPA.Sprint2.Task3.V16", "Tyuiu.SoldatovaPA.Sprint2.Task3.V16\Tyuiu.SoldatovaPA.Sprint2.Task3.V16.csproj", "{391C9EC3-2314-4034-9629-133EEC399791}"
EndProject
Project("{FAE04EC0-301F-11D3-BF4B-00C04F79EFBC}") = "Tyuiu.SoldatovaPA.Sprint2.Task3.V16.Lib", "Tyuiu.SoldatovaPA.Sprint2.Task3.V16.Lib\Tyuiu.SoldatovaPA.Sprint2.Task3.V16.Lib.csproj", "{D9ECDB2E-0F7D-45EC-8BC5-13B02FDC25E5}"
EndProject
Project("{FAE04EC0-301F-11D3-BF4B-00C04F79EFBC}") = "Tyuiu.SoldatovaPA.Sprint2.Task3.V16.Test", "Tyuiu.SoldatovaPA.Sprint2.Task3.V16.Test\Tyuiu.SoldatovaPA.Sprint2.Task3.V16.Test.csproj", "{B1A933AF-DF87-40DF-A09A-C7ED9E6721BE}"
EndProject
Project("{2150E333-8FDC-42A3-9474-1A3956D46DE8}") = "Task4", "Task4", "{58830391-0C8E-4C3F-AA95-434407212A89}"
EndProject
Project("{FAE04EC0-301F-11D3-BF4B-00C04F79EFBC}") = "Tyuiu.SoldatovaPA.Sprint2.Task4.V5", "Tyuiu.SoldatovaPA.Sprint2.Task4.V5\Tyuiu.SoldatovaPA.Sprint2.Task4.V5.csproj", "{BB06EA88-BC3A-457E-94DB-03B89A27654E}"
EndProject
Project("{FAE04EC0-301F-11D3-BF4B-00C04F79EFBC}") = "Tyuiu.SoldatovaPA.Sprint2.Task4.V5.Lib", "Tyuiu.SoldatovaPA.Sprint2.Task4.V5.Lib\Tyuiu.SoldatovaPA.Sprint2.Task4.V5.Lib.csproj", "{F8467266-CEA6-4405-A583-73A00BA58F14}"
EndProject
Project("{FAE04EC0-301F-11D3-BF4B-00C04F79EFBC}") = "Tyuiu.SoldatovaPA.Sprint2.Task4.V5.Test", "Tyuiu.SoldatovaPA.Sprint2.Task4.V5.Test\Tyuiu.SoldatovaPA.Sprint2.Task4.V5.Test.csproj", "{4883BB17-0D12-4941-8C03-9A8438DD3B33}"
EndProject
Project("{2150E333-8FDC-42A3-9474-1A3956D46DE8}") = "Task5", "Task5", "{CA23D995-CB33-40D4-BD21-9B1698856E91}"
EndProject
Project("{FAE04EC0-301F-11D3-BF4B-00C04F79EFBC}") = "Tyuiu.SoldatovaPA.Sprint2.Task5.V2", "Tyuiu.SoldatovaPA.Sprint2.Task5.V2\Tyuiu.SoldatovaPA.Sprint2.Task5.V2.csproj", "{3302ED2C-2B31-405F-AE3B-A90F80E2C6AB}"
EndProject
Project("{FAE04EC0-301F-11D3-BF4B-00C04F79EFBC}") = "Tyuiu.SoldatovaPA.Sprint2.Task5.V2.Lib", "Tyuiu.SoldatovaPA.Sprint2.Task5.V2.Lib\Tyuiu.SoldatovaPA.Sprint2.Task5.V2.Lib.csproj", "{3A2D0AF8-79EB-4D9C-9279-60E03527EE89}"
EndProject
Project("{FAE04EC0-301F-11D3-BF4B-00C04F79EFBC}") = "Tyuiu.SoldatovaPA.Sprint2.Task5.V2.Test", "Tyuiu.SoldatovaPA.Sprint2.Task5.V2.Test\Tyuiu.SoldatovaPA.Sprint2.Task5.V2.Test.csproj", "{4F658A04-28A8-448A-9D54-30AD13DE197B}"
EndProject
Project("{2150E333-8FDC-42A3-9474-1A3956D46DE8}") = "Task6", "Task6", "{85D823B3-F5F6-45BD-A36D-5B196E3B59E9}"
EndProject
Project("{FAE04EC0-301F-11D3-BF4B-00C04F79EFBC}") = "Tyuiu.SoldatovaPA.Sprint2.Task6.V10", "Tyuiu.SoldatovaPA.Sprint2.Task6.V10\Tyuiu.SoldatovaPA.Sprint2.Task6.V10.csproj", "{200B796D-59D7-44A1-874F-4B3C3750BE99}"
EndProject
Project("{FAE04EC0-301F-11D3-BF4B-00C04F79EFBC}") = "Tyuiu.SoldatovaPA.Sprint2.Task6.V10.Lib", "Tyuiu.SoldatovaPA.Sprint2.Task6.V10.Lib\Tyuiu.SoldatovaPA.Sprint2.Task6.V10.Lib.csproj", "{F7F4D501-84E6-4948-9020-D918F8549930}"
EndProject
Project("{FAE04EC0-301F-11D3-BF4B-00C04F79EFBC}") = "Tyuiu.SoldatovaPA.Sprint2.Task6.V10.Test", "Tyuiu.SoldatovaPA.Sprint2.Task6.V10.Test\Tyuiu.SoldatovaPA.Sprint2.Task6.V10.Test.csproj", "{5FF0B7F5-46C4-4095-A181-77711683D7AB}"
EndProject
Global
	GlobalSection(SolutionConfigurationPlatforms) = preSolution
		Debug|Any CPU = Debug|Any CPU
		Release|Any CPU = Release|Any CPU
	EndGlobalSection
	GlobalSection(ProjectConfigurationPlatforms) = postSolution
		{8041818D-3BA4-4482-AC7B-5C567ACB64A6}.Debug|Any CPU.ActiveCfg = Debug|Any CPU
		{8041818D-3BA4-4482-AC7B-5C567ACB64A6}.Debug|Any CPU.Build.0 = Debug|Any CPU
		{8041818D-3BA4-4482-AC7B-5C567ACB64A6}.Release|Any CPU.ActiveCfg = Release|Any CPU
		{8041818D-3BA4-4482-AC7B-5C567ACB64A6}.Release|Any CPU.Build.0 = Release|Any CPU
		{F7A7B1BB-07B9-4909-B024-CA86384E385D}.Debug|Any CPU.ActiveCfg = Debug|Any CPU
		{F7A7B1BB-07B9-4909-B024-CA86384E385D}.Debug|Any CPU.Build.0 = Debug|Any CPU
		{F7A7B1BB-07B9-4909-B024-CA86384E385D}.Release|Any CPU.ActiveCfg = Release|Any CPU
		{F7A7B1BB-07B9-4909-B024-CA86384E385D}.Release|Any CPU.Build.0 = Release|Any CPU
		{74DFFFCA-C922-4F88-838B-79E29AF19924}.Debug|Any CPU.ActiveCfg = Debug|Any CPU
		{74DFFFCA-C922-4F88-838B-79E29AF19924}.Debug|Any CPU.Build.0 = Debug|Any CPU
		{74DFFFCA-C922-4F88-838B-79E29AF19924}.Release|Any CPU.ActiveCfg = Release|Any CPU
		{74DFFFCA-C922-4F88-838B-79E29AF19924}.Release|Any CPU.Build.0 = Release|Any CPU
		{DA222987-4F53-4929-A4DD-31BCB1F57BEC}.Debug|Any CPU.ActiveCfg = Debug|Any CPU
		{DA222987-4F53-4929-A4DD-31BCB1F57BEC}.Debug|Any CPU.Build.0 = Debug|Any CPU
		{DA222987-4F53-4929-A4DD-31BCB1F57BEC}.Release|Any CPU.ActiveCfg = Release|Any CPU
		{DA222987-4F53-4929-A4DD-31BCB1F57BEC}.Release|Any CPU.Build.0 = Release|Any CPU
		{CDDFC1DB-F59A-4A67-82EE-9C31E038A2B0}.Debug|Any CPU.ActiveCfg = Debug|Any CPU
		{CDDFC1DB-F59A-4A67-82EE-9C31E038A2B0}.Debug|Any CPU.Build.0 = Debug|Any CPU
		{CDDFC1DB-F59A-4A67-82EE-9C31E038A2B0}.Release|Any CPU.ActiveCfg = Release|Any CPU
		{CDDFC1DB-F59A-4A67-82EE-9C31E038A2B0}.Release|Any CPU.Build.0 = Release|Any CPU
		{4E98C868-E040-4D0E-A879-AE3637D636FE}.Debug|Any CPU.ActiveCfg = Debug|Any CPU
		{4E98C868-E040-4D0E-A879-AE3637D636FE}.Debug|Any CPU.Build.0 = Debug|Any CPU
		{4E98C868-E040-4D0E-A879-AE3637D636FE}.Release|Any CPU.ActiveCfg = Release|Any CPU
		{4E98C868-E040-4D0E-A879-AE3637D636FE}.Release|Any CPU.Build.0 = Release|Any CPU
		{734EE79F-91CF-497C-A5DD-F06949858418}.Debug|Any CPU.ActiveCfg = Debug|Any CPU
		{734EE79F-91CF-497C-A5DD-F06949858418}.Debug|Any CPU.Build.0 = Debug|Any CPU
		{734EE79F-91CF-497C-A5DD-F06949858418}.Release|Any CPU.ActiveCfg = Release|Any CPU
		{734EE79F-91CF-497C-A5DD-F06949858418}.Release|Any CPU.Build.0 = Release|Any CPU
		{3CF5A37E-99C6-4A29-8668-0B79FE73D2F1}.Debug|Any CPU.ActiveCfg = Debug|Any CPU
		{3CF5A37E-99C6-4A29-8668-0B79FE73D2F1}.Debug|Any CPU.Build.0 = Debug|Any CPU
		{3CF5A37E-99C6-4A29-8668-0B79FE73D2F1}.Release|Any CPU.ActiveCfg = Release|Any CPU
		{3CF5A37E-99C6-4A29-8668-0B79FE73D2F1}.Release|Any CPU.Build.0 = Release|Any CPU
		{BF16B719-D5CC-464A-8856-F76EF89B5279}.Debug|Any CPU.ActiveCfg = Debug|Any CPU
		{BF16B719-D5CC-464A-8856-F76EF89B5279}.Debug|Any CPU.Build.0 = Debug|Any CPU
		{BF16B719-D5CC-464A-8856-F76EF89B5279}.Release|Any CPU.ActiveCfg = Release|Any CPU
		{BF16B719-D5CC-464A-8856-F76EF89B5279}.Release|Any CPU.Build.0 = Release|Any CPU
		{391C9EC3-2314-4034-9629-133EEC399791}.Debug|Any CPU.ActiveCfg = Debug|Any CPU
		{391C9EC3-2314-4034-9629-133EEC399791}.Debug|Any CPU.Build.0 = Debug|Any CPU
		{391C9EC3-2314-4034-9629-133EEC399791}.Release|Any CPU.ActiveCfg = Release|Any CPU
		{391C9EC3-2314-4034-9629-133EEC399791}.Release|Any CPU.Build.0 = Release|Any CPU
		{D9ECDB2E-0F7D-45EC-8BC5-13B02FDC25E5}.Debug|Any CPU.ActiveCfg = Debug|Any CPU
		{D9ECDB2E-0F7D-45EC-8BC5-13B02FDC25E5}.Debug|Any CPU.Build.0 = Debug|Any CPU
		{D9ECDB2E-0F7D-45EC-8BC5-13B02FDC25E5}.Release|Any CPU.ActiveCfg = Release|Any CPU
		{D9ECDB2E-0F7D-45EC-8BC5-13B02FDC25E5}.Release|Any CPU.Build.0 = Release|Any CPU
		{B1A933AF-DF87-40DF-A09A-C7ED9E6721BE}.Debug|Any CPU.ActiveCfg = Debug|Any CPU
		{B1A933AF-DF87-40DF-A09A-C7ED9E6721BE}.Debug|Any CPU.Build.0 = Debug|Any CPU
		{B1A933AF-DF87-40DF-A09A-C7ED9E6721BE}.Release|Any CPU.ActiveCfg = Release|Any CPU
		{B1A933AF-DF87-40DF-A09A-C7ED9E6721BE}.Release|Any CPU.Build.0 = Release|Any CPU
		{BB06EA88-BC3A-457E-94DB-03B89A27654E}.Debug|Any CPU.ActiveCfg = Debug|Any CPU
		{BB06EA88-BC3A-457E-94DB-03B89A27654E}.Debug|Any CPU.Build.0 = Debug|Any CPU
		{BB06EA88-BC3A-457E-94DB-03B89A27654E}.Release|Any CPU.ActiveCfg = Release|Any CPU
		{BB06EA88-BC3A-457E-94DB-03B89A27654E}.Release|Any CPU.Build.0 = Release|Any CPU
		{F8467266-CEA6-4405-A583-73A00BA58F14}.Debug|Any CPU.ActiveCfg = Debug|Any CPU
		{F8467266-CEA6-4405-A583-73A00BA58F14}.Debug|Any CPU.Build.0 = Debug|Any CPU
		{F8467266-CEA6-4405-A583-73A00BA58F14}.Release|Any CPU.ActiveCfg = Release|Any CPU
		{F8467266-CEA6-4405-A583-73A00BA58F14}.Release|Any CPU.Build.0 = Release|Any CPU
		{4883BB17-0D12-4941-8C03-9A8438DD3B33}.Debug|Any CPU.ActiveCfg = Debug|Any CPU
		{4883BB17-0D12-4941-8C03-9A8438DD3B33}.Debug|Any CPU.Build.0 = Debug|Any CPU
		{4883BB17-0D12-4941-8C03-9A8438DD3B33}.Release|Any CPU.ActiveCfg = Release|Any CPU
		{4883BB17-0D12-4941-8C03-9A8438DD3B33}.Release|Any CPU.Build.0 = Release|Any CPU
		{3302ED2C-2B31-405F-AE3B-A90F80E2C6AB}.Debug|Any CPU.ActiveCfg = Debug|Any CPU
		{3302ED2C-2B31-405F-AE3B-A90F80E2C6AB}.Debug|Any CPU.Build.0 = Debug|Any CPU
		{3302ED2C-2B31-405F-AE3B-A90F80E2C6AB}.Release|Any CPU.ActiveCfg = Release|Any CPU
		{3302ED2C-2B31-405F-AE3B-A90F80E2C6AB}.Release|Any CPU.Build.0 = Release|Any CPU
		{3A2D0AF8-79EB-4D9C-9279-60E03527EE89}.Debug|Any CPU.ActiveCfg = Debug|Any CPU
		{3A2D0AF8-79EB-4D9C-9279-60E03527EE89}.Debug|Any CPU.Build.0 = Debug|Any CPU
		{3A2D0AF8-79EB-4D9C-9279-60E03527EE89}.Release|Any CPU.ActiveCfg = Release|Any CPU
		{3A2D0AF8-79EB-4D9C-9279-60E03527EE89}.Release|Any CPU.Build.0 = Release|Any CPU
		{4F658A04-28A8-448A-9D54-30AD13DE197B}.Debug|Any CPU.ActiveCfg = Debug|Any CPU
		{4F658A04-28A8-448A-9D54-30AD13DE197B}.Debug|Any CPU.Build.0 = Debug|Any CPU
		{4F658A04-28A8-448A-9D54-30AD13DE197B}.Release|Any CPU.ActiveCfg = Release|Any CPU
		{4F658A04-28A8-448A-9D54-30AD13DE197B}.Release|Any CPU.Build.0 = Release|Any CPU
		{200B796D-59D7-44A1-874F-4B3C3750BE99}.Debug|Any CPU.ActiveCfg = Debug|Any CPU
		{200B796D-59D7-44A1-874F-4B3C3750BE99}.Debug|Any CPU.Build.0 = Debug|Any CPU
		{200B796D-59D7-44A1-874F-4B3C3750BE99}.Release|Any CPU.ActiveCfg = Release|Any CPU
		{200B796D-59D7-44A1-874F-4B3C3750BE99}.Release|Any CPU.Build.0 = Release|Any CPU
		{F7F4D501-84E6-4948-9020-D918F8549930}.Debug|Any CPU.ActiveCfg = Debug|Any CPU
		{F7F4D501-84E6-4948-9020-D918F8549930}.Debug|Any CPU.Build.0 = Debug|Any CPU
		{F7F4D501-84E6-4948-9020-D918F8549930}.Release|Any CPU.ActiveCfg = Release|Any CPU
		{F7F4D501-84E6-4948-9020-D918F8549930}.Release|Any CPU.Build.0 = Release|Any CPU
		{5FF0B7F5-46C4-4095-A181-77711683D7AB}.Debug|Any CPU.ActiveCfg = Debug|Any CPU
		{5FF0B7F5-46C4-4095-A181-77711683D7AB}.Debug|Any CPU.Build.0 = Debug|Any CPU
		{5FF0B7F5-46C4-4095-A181-77711683D7AB}.Release|Any CPU.ActiveCfg = Release|Any CPU
		{5FF0B7F5-46C4-4095-A181-77711683D7AB}.Release|Any CPU.Build.0 = Release|Any CPU
	EndGlobalSection
	GlobalSection(SolutionProperties) = preSolution
		HideSolutionNode = FALSE
	EndGlobalSection
	GlobalSection(NestedProjects) = preSolution
		{8041818D-3BA4-4482-AC7B-5C567ACB64A6} = {02EA681E-C7D8-13C7-8484-4AC65E1B71E8}
		{F7A7B1BB-07B9-4909-B024-CA86384E385D} = {02EA681E-C7D8-13C7-8484-4AC65E1B71E8}
		{74DFFFCA-C922-4F88-838B-79E29AF19924} = {02EA681E-C7D8-13C7-8484-4AC65E1B71E8}
		{DA222987-4F53-4929-A4DD-31BCB1F57BEC} = {C10485A6-A550-4FCA-BC68-DAD29AA227BD}
		{CDDFC1DB-F59A-4A67-82EE-9C31E038A2B0} = {C10485A6-A550-4FCA-BC68-DAD29AA227BD}
		{4E98C868-E040-4D0E-A879-AE3637D636FE} = {C10485A6-A550-4FCA-BC68-DAD29AA227BD}
		{734EE79F-91CF-497C-A5DD-F06949858418} = {AA3166BD-20FA-420E-93A2-B09F9C312CBB}
		{3CF5A37E-99C6-4A29-8668-0B79FE73D2F1} = {AA3166BD-20FA-420E-93A2-B09F9C312CBB}
		{BF16B719-D5CC-464A-8856-F76EF89B5279} = {AA3166BD-20FA-420E-93A2-B09F9C312CBB}
		{391C9EC3-2314-4034-9629-133EEC399791} = {F5C00F5E-FE1D-44A5-AC08-71E34449511C}
		{D9ECDB2E-0F7D-45EC-8BC5-13B02FDC25E5} = {F5C00F5E-FE1D-44A5-AC08-71E34449511C}
		{B1A933AF-DF87-40DF-A09A-C7ED9E6721BE} = {F5C00F5E-FE1D-44A5-AC08-71E34449511C}
		{BB06EA88-BC3A-457E-94DB-03B89A27654E} = {58830391-0C8E-4C3F-AA95-434407212A89}
		{F8467266-CEA6-4405-A583-73A00BA58F14} = {58830391-0C8E-4C3F-AA95-434407212A89}
		{4883BB17-0D12-4941-8C03-9A8438DD3B33} = {58830391-0C8E-4C3F-AA95-434407212A89}
		{3302ED2C-2B31-405F-AE3B-A90F80E2C6AB} = {CA23D995-CB33-40D4-BD21-9B1698856E91}
		{3A2D0AF8-79EB-4D9C-9279-60E03527EE89} = {CA23D995-CB33-40D4-BD21-9B1698856E91}
		{4F658A04-28A8-448A-9D54-30AD13DE197B} = {CA23D995-CB33-40D4-BD21-9B1698856E91}
		{200B796D-59D7-44A1-874F-4B3C3750BE99} = {85D823B3-F5F6-45BD-A36D-5B196E3B59E9}
		{F7F4D501-84E6-4948-9020-D918F8549930} = {85D823B3-F5F6-45BD-A36D-5B196E3B59E9}
		{5FF0B7F5-46C4-4095-A181-77711683D7AB} = {85D823B3-F5F6-45BD-A36D-5B196E3B59E9}
	EndGlobalSection
	GlobalSection(ExtensibilityGlobals) = postSolution
		SolutionGuid = {337CB569-16C2-4CEA-8B56-8E4FC4E568A5}
	EndGlobalSection
EndGlobal
